
Microsoft Visual Studio Solution File, Format Version 12.00
# Visual Studio Version 16
VisualStudioVersion = 16.0.30011.22
MinimumVisualStudioVersion = 10.0.40219.1
Project("{FAE04EC0-301F-11D3-BF4B-00C04F79EFBC}") = "Dummy", "Dummy\Dummy.csproj", "{A863BD87-9255-4B08-A8A9-F6F6F432ACE2}"
EndProject
Global
	GlobalSection(SolutionConfigurationPlatforms) = preSolution
		Debug|Any CPU = Debug|Any CPU
		Release|Any CPU = Release|Any CPU
	EndGlobalSection
	GlobalSection(ProjectConfigurationPlatforms) = postSolution
		{A863BD87-9255-4B08-A8A9-F6F6F432ACE2}.Debug|Any CPU.ActiveCfg = Debug|Any CPU
		{A863BD87-9255-4B08-A8A9-F6F6F432ACE2}.Debug|Any CPU.Build.0 = Debug|Any CPU
		{A863BD87-9255-4B08-A8A9-F6F6F432ACE2}.Release|Any CPU.ActiveCfg = Release|Any CPU
		{A863BD87-9255-4B08-A8A9-F6F6F432ACE2}.Release|Any CPU.Build.0 = Release|Any CPU
	EndGlobalSection
	GlobalSection(SolutionProperties) = preSolution
		HideSolutionNode = FALSE
	EndGlobalSection
	GlobalSection(ExtensibilityGlobals) = postSolution
		SolutionGuid = {DB61CF07-4857-4074-82A5-224270646600}
	EndGlobalSection
EndGlobal
